{
  "originHash" : "1f6b75f155701f9a2c1ea78d8b238320058465b237c03bb5432439fc3bac089b",
  "pins" : [
    {
      "identity" : "clipboard",
      "kind" : "remoteSourceControl",
      "location" : "https://github.com/leviouwendijk/Clipboard.git",
      "state" : {
        "branch" : "master",
        "revision" : "25d4edb471b4b19a854b0bf4f35beb47f1aca421"
      }
    },
    {
      "identity" : "indentation",
      "kind" : "remoteSourceControl",
      "location" : "https://github.com/leviouwendijk/Indentation.git",
      "state" : {
        "branch" : "master",
        "revision" : "8b85325433aa97ee19c9c77f564500be189978d6"
      }
    },
    {
      "identity" : "methods",
      "kind" : "remoteSourceControl",
      "location" : "https://github.com/leviouwendijk/Methods.git",
      "state" : {
        "branch" : "master",
        "revision" : "47d7bf31c1e547238c1900fe4a1f6961b6cc19bb"
      }
    },
    {
      "identity" : "parsing",
      "kind" : "remoteSourceControl",
      "location" : "https://github.com/leviouwendijk/Parsing.git",
      "state" : {
        "branch" : "master",
        "revision" : "2929fa73fb0d2a59c52ad8ba612acef56925b3a8"
      }
    },
    {
      "identity" : "path",
      "kind" : "remoteSourceControl",
      "location" : "https://github.com/leviouwendijk/Path.git",
      "state" : {
        "branch" : "master",
        "revision" : "41b4259ba4b0f332b31421b17632b9181471b56d"
      }
    },
    {
      "identity" : "position",
      "kind" : "remoteSourceControl",
      "location" : "https://github.com/leviouwendijk/Position.git",
      "state" : {
        "branch" : "master",
        "revision" : "70fd78230c3452d9a4471222d64324a2c084351d"
      }
    },
    {
      "identity" : "primitives",
      "kind" : "remoteSourceControl",
      "location" : "https://github.com/leviouwendijk/Primitives.git",
      "state" : {
        "branch" : "master",
        "revision" : "88c0aad7d912d13fcc9131ac271d1691da998355"
      }
    },
    {
      "identity" : "protocolcomponents",
      "kind" : "remoteSourceControl",
      "location" : "https://github.com/leviouwendijk/ProtocolComponents.git",
      "state" : {
        "branch" : "master",
        "revision" : "866ef7b22350aac41f455c5b2188f95f411a4507"
      }
    },
    {
      "identity" : "strings",
      "kind" : "remoteSourceControl",
      "location" : "https://github.com/leviouwendijk/Strings.git",
      "state" : {
        "branch" : "master",
        "revision" : "86a939d7bbb3e25808f88fbcedcee4069a5a5ae1"
      }
    },
    {
      "identity" : "terminal",
      "kind" : "remoteSourceControl",
      "location" : "https://github.com/leviouwendijk/Terminal.git",
      "state" : {
        "branch" : "master",
        "revision" : "27a5abad97d8604a9314e00e6e7e6a6a7000f26b"
      }
    }
  ],
  "version" : 3
}
